<?xml version="1.0" encoding="utf-8"?>
<Project ToolsVersion="4.0" xmlns="http://schemas.microsoft.com/developer/msbuild/2003">
  <ItemGroup>
    <Filter Include="소스 파일">
      <UniqueIdentifier>{4FC737F1-C7A5-4376-A066-2A32D752A2FF}</UniqueIdentifier>
      <Extensions>cpp;c;cc;cxx;c++;cppm;ixx;def;odl;idl;hpj;bat;asm;asmx</Extensions>
    </Filter>
    <Filter Include="헤더 파일">
      <UniqueIdentifier>{93995380-89BD-4b04-88EB-625FBE52EBFB}</UniqueIdentifier>
      <Extensions>h;hh;hpp;hxx;h++;hm;inl;inc;ipp;xsd</Extensions>
    </Filter>
    <Filter Include="리소스 파일">
      <UniqueIdentifier>{67DA6AB6-F800-4c08-8B7A-83BB121AAD01}</UniqueIdentifier>
      <Extensions>rc;ico;cur;bmp;dlg;rc2;rct;bin;rgs;gif;jpg;jpeg;jpe;resx;tiff;tif;png;wav;mfcribbon-ms</Extensions>
    </Filter>
    <Filter Include="Engine">
      <UniqueIdentifier>{0f4470ad-9f47-4a22-950b-dafb28cf1d29}</UniqueIdentifier>
    </Filter>
    <Filter Include="Engine\Core">
      <UniqueIdentifier>{f6d8e845-34bc-4788-a575-9293f104e659}</UniqueIdentifier>
    </Filter>
    <Filter Include="Engine\Manager">
      <UniqueIdentifier>{5565555e-a7d8-4152-affe-f4609affdd18}</UniqueIdentifier>
    </Filter>
    <Filter Include="Util">
      <UniqueIdentifier>{28876d25-c31a-4aae-b76c-43c8d407e25d}</UniqueIdentifier>
    </Filter>
    <Filter Include="Object">
      <UniqueIdentifier>{4577d27f-6e03-4aa9-9469-9ae0b3167ad1}</UniqueIdentifier>
    </Filter>
    <Filter Include="Engine\Manager\CTimeManager">
      <UniqueIdentifier>{1e918d9e-a2b1-4999-bfbf-153c0ee4f36f}</UniqueIdentifier>
    </Filter>
    <Filter Include="Engine\Manager\CKeyManager">
      <UniqueIdentifier>{a77e5162-40e6-48d1-ae15-a948f78b639b}</UniqueIdentifier>
    </Filter>
    <Filter Include="Scene">
      <UniqueIdentifier>{aaa052ff-d719-4e76-9738-f3ac4ac7e71a}</UniqueIdentifier>
    </Filter>
    <Filter Include="Engine\Manager\CSceneManager">
      <UniqueIdentifier>{b76509f7-10d4-4c2a-a358-275f9884d5f2}</UniqueIdentifier>
    </Filter>
    <Filter Include="Component">
      <UniqueIdentifier>{73a63cbb-1c83-42a5-8b64-900ce4496095}</UniqueIdentifier>
    </Filter>
    <Filter Include="Engine\Manager\CCollisionManager">
      <UniqueIdentifier>{9783b3b3-f20d-4fef-b384-f7aa158d08a9}</UniqueIdentifier>
    </Filter>
    <Filter Include="Engine\Manager\CEventManager">
      <UniqueIdentifier>{b019c4bc-b4d4-485f-a162-a7e6a90e81fe}</UniqueIdentifier>
    </Filter>
    <Filter Include="Resource">
      <UniqueIdentifier>{75f94250-a55a-4455-9eca-16f0f0ef5b9c}</UniqueIdentifier>
    </Filter>
    <Filter Include="Resource\CSound">
      <UniqueIdentifier>{4b878738-2953-42e2-a4ef-59bc33fcd6b6}</UniqueIdentifier>
    </Filter>
    <Filter Include="Resource\CTexture">
      <UniqueIdentifier>{ee852254-0c6c-4c82-ad9f-8b58c8a722c9}</UniqueIdentifier>
    </Filter>
    <Filter Include="Engine\Manager\CResourceManager">
      <UniqueIdentifier>{e68f9281-a2d9-4d1e-86c3-9ddee5bb34a0}</UniqueIdentifier>
    </Filter>
    <Filter Include="Engine\Manager\CPathManager">
      <UniqueIdentifier>{abbe7fb0-60a3-46a9-8ef8-d122959bb0cc}</UniqueIdentifier>
    </Filter>
    <Filter Include="Object\Obj_player">
      <UniqueIdentifier>{680eeebc-14db-4851-a54e-a83e6de78198}</UniqueIdentifier>
    </Filter>
    <Filter Include="Object\Obj_monster">
      <UniqueIdentifier>{5771d4be-4512-4dc9-8f1b-f8cfbd566c3a}</UniqueIdentifier>
    </Filter>
    <Filter Include="Object\Obj_item">
      <UniqueIdentifier>{c8eb5f26-f441-4140-90f6-9d1a04c0b03c}</UniqueIdentifier>
    </Filter>
    <Filter Include="Object\Obj_tile">
      <UniqueIdentifier>{47f2e2da-3df2-4747-89be-0f2f01d8260d}</UniqueIdentifier>
    </Filter>
    <Filter Include="Object\Obj_block">
      <UniqueIdentifier>{6a1ee56a-a1f1-425f-9a76-ce5035d36c3f}</UniqueIdentifier>
    </Filter>
    <Filter Include="Object\Obj_fireball">
      <UniqueIdentifier>{7d0fd15d-383a-467c-96cc-8aa767bb5502}</UniqueIdentifier>
    </Filter>
    <Filter Include="Component\Collider">
      <UniqueIdentifier>{8b76521f-a5e0-4cc6-b5c4-c84b01b284a3}</UniqueIdentifier>
    </Filter>
    <Filter Include="Component\Animator">
      <UniqueIdentifier>{0452d4b6-8aff-4d73-b70a-6037ccff5637}</UniqueIdentifier>
    </Filter>
    <Filter Include="Component\Animator\Animation">
      <UniqueIdentifier>{fa2090cf-2e11-4d6c-ab69-48f62ec93e10}</UniqueIdentifier>
    </Filter>
    <Filter Include="Engine\Manager\CCameraManager">
      <UniqueIdentifier>{dd3aee8e-dc8f-4239-aaf8-5cec7c845127}</UniqueIdentifier>
    </Filter>
    <Filter Include="Object\Obj_etc">
      <UniqueIdentifier>{d7460843-3052-4e34-a263-6d294bb293f8}</UniqueIdentifier>
    </Filter>
  </ItemGroup>
  <ItemGroup>
    <ClInclude Include="framework.h">
      <Filter>헤더 파일</Filter>
    </ClInclude>
    <ClInclude Include="targetver.h">
      <Filter>헤더 파일</Filter>
    </ClInclude>
    <ClInclude Include="Resource.h">
      <Filter>헤더 파일</Filter>
    </ClInclude>
    <ClInclude Include="winAPI_2Dcopy.h">
      <Filter>헤더 파일</Filter>
    </ClInclude>
    <ClInclude Include="SingleTon.h">
      <Filter>Util</Filter>
    </ClInclude>
    <ClInclude Include="CCore.h">
      <Filter>Engine\Core</Filter>
    </ClInclude>
    <ClInclude Include="struct.h">
      <Filter>Util</Filter>
    </ClInclude>
    <ClInclude Include="CTimeManager.h">
      <Filter>Engine\Manager\CTimeManager</Filter>
    </ClInclude>
    <ClInclude Include="CKeyManager.h">
      <Filter>Engine\Manager\CKeyManager</Filter>
    </ClInclude>
    <ClInclude Include="CSceneManager.h">
      <Filter>Engine\Manager\CSceneManager</Filter>
    </ClInclude>
    <ClInclude Include="CObject.h">
      <Filter>Object</Filter>
    </ClInclude>
    <ClInclude Include="SelectGDI.h">
      <Filter>Util</Filter>
    </ClInclude>
    <ClInclude Include="CCollisionManager.h">
      <Filter>Engine\Manager\CCollisionManager</Filter>
    </ClInclude>
    <ClInclude Include="func.h">
      <Filter>Util</Filter>
    </ClInclude>
    <ClInclude Include="CEventManager.h">
      <Filter>Engine\Manager\CEventManager</Filter>
    </ClInclude>
    <ClInclude Include="CScene.h">
      <Filter>Scene</Filter>
    </ClInclude>
    <ClInclude Include="CScene_Stage01.h">
      <Filter>Scene</Filter>
    </ClInclude>
    <ClInclude Include="CScene_Title.h">
      <Filter>Scene</Filter>
    </ClInclude>
    <ClInclude Include="CResource.h">
      <Filter>Resource</Filter>
    </ClInclude>
    <ClInclude Include="CTexture.h">
      <Filter>Resource\CTexture</Filter>
    </ClInclude>
    <ClInclude Include="CSound.h">
      <Filter>Resource\CSound</Filter>
    </ClInclude>
    <ClInclude Include="CResourceManager.h">
      <Filter>Engine\Manager\CResourceManager</Filter>
    </ClInclude>
    <ClInclude Include="CPathManager.h">
      <Filter>Engine\Manager\CPathManager</Filter>
    </ClInclude>
    <ClInclude Include="CPlayer.h">
      <Filter>Object\Obj_player</Filter>
    </ClInclude>
    <ClInclude Include="CTile.h">
      <Filter>Object\Obj_tile</Filter>
    </ClInclude>
    <ClInclude Include="CItem.h">
      <Filter>Object\Obj_item</Filter>
    </ClInclude>
    <ClInclude Include="CItem_Coin.h">
      <Filter>Object\Obj_item</Filter>
    </ClInclude>
    <ClInclude Include="CItem_Flower.h">
      <Filter>Object\Obj_item</Filter>
    </ClInclude>
    <ClInclude Include="CItem_Mushroom.h">
      <Filter>Object\Obj_item</Filter>
    </ClInclude>
    <ClInclude Include="CItem_Star.h">
      <Filter>Object\Obj_item</Filter>
    </ClInclude>
    <ClInclude Include="CMonster.h">
      <Filter>Object\Obj_monster</Filter>
    </ClInclude>
    <ClInclude Include="CMonster_Mush.h">
      <Filter>Object\Obj_monster</Filter>
    </ClInclude>
    <ClInclude Include="CMonster_Turtle.h">
      <Filter>Object\Obj_monster</Filter>
    </ClInclude>
    <ClInclude Include="CMonster_Plants.h">
      <Filter>Object\Obj_monster</Filter>
    </ClInclude>
    <ClInclude Include="CFireball.h">
      <Filter>Object\Obj_fireball</Filter>
    </ClInclude>
    <ClInclude Include="CCollider.h">
      <Filter>Component\Collider</Filter>
    </ClInclude>
    <ClInclude Include="CAnimator.h">
      <Filter>Component\Animator</Filter>
    </ClInclude>
    <ClInclude Include="CAnimation.h">
      <Filter>Component\Animator\Animation</Filter>
    </ClInclude>
    <ClInclude Include="CCameraManager.h">
      <Filter>Engine\Manager\CCameraManager</Filter>
    </ClInclude>
    <ClInclude Include="CScene_Result.h">
      <Filter>Scene</Filter>
    </ClInclude>
    <ClInclude Include="CShell.h">
      <Filter>Object\Obj_etc</Filter>
    </ClInclude>
    <ClInclude Include="CDanceMario.h">
      <Filter>Object\Obj_etc</Filter>
    </ClInclude>
  </ItemGroup>
  <ItemGroup>
    <ClCompile Include="CCore.cpp">
      <Filter>Engine\Core</Filter>
    </ClCompile>
    <ClCompile Include="CTimeManager.cpp">
      <Filter>Engine\Manager\CTimeManager</Filter>
    </ClCompile>
    <ClCompile Include="CKeyManager.cpp">
      <Filter>Engine\Manager\CKeyManager</Filter>
    </ClCompile>
    <ClCompile Include="CSceneManager.cpp">
      <Filter>Engine\Manager\CSceneManager</Filter>
    </ClCompile>
    <ClCompile Include="CObject.cpp">
      <Filter>Object</Filter>
    </ClCompile>
    <ClCompile Include="CCollisionManager.cpp">
      <Filter>Engine\Manager\CCollisionManager</Filter>
    </ClCompile>
    <ClCompile Include="func.cpp">
      <Filter>Util</Filter>
    </ClCompile>
    <ClCompile Include="CEventManager.cpp">
      <Filter>Engine\Manager\CEventManager</Filter>
    </ClCompile>
    <ClCompile Include="CScene.cpp">
      <Filter>Scene</Filter>
    </ClCompile>
    <ClCompile Include="CScene_Title.cpp">
      <Filter>Scene</Filter>
    </ClCompile>
    <ClCompile Include="CScene_Stage01.cpp">
      <Filter>Scene</Filter>
    </ClCompile>
    <ClCompile Include="CResource.cpp">
      <Filter>Resource</Filter>
    </ClCompile>
    <ClCompile Include="CTexture.cpp">
      <Filter>Resource\CTexture</Filter>
    </ClCompile>
    <ClCompile Include="CSound.cpp">
      <Filter>Resource\CSound</Filter>
    </ClCompile>
    <ClCompile Include="CResourceManager.cpp">
      <Filter>Engine\Manager\CResourceManager</Filter>
    </ClCompile>
    <ClCompile Include="CPathManager.cpp">
      <Filter>Engine\Manager\CPathManager</Filter>
    </ClCompile>
    <ClCompile Include="CPlayer.cpp">
      <Filter>Object\Obj_player</Filter>
    </ClCompile>
    <ClCompile Include="CTile.cpp">
      <Filter>Object\Obj_tile</Filter>
    </ClCompile>
    <ClCompile Include="CItem.cpp">
      <Filter>Object\Obj_item</Filter>
    </ClCompile>
    <ClCompile Include="CItem_Coin.cpp">
      <Filter>Object\Obj_item</Filter>
    </ClCompile>
    <ClCompile Include="CItem_Star.cpp">
      <Filter>Object\Obj_item</Filter>
    </ClCompile>
    <ClCompile Include="CItem_Mushroom.cpp">
      <Filter>Object\Obj_item</Filter>
    </ClCompile>
    <ClCompile Include="CItem_Flower.cpp">
      <Filter>Object\Obj_item</Filter>
    </ClCompile>
    <ClCompile Include="CMonster.cpp">
      <Filter>Object\Obj_monster</Filter>
    </ClCompile>
    <ClCompile Include="CMonster_Mush.cpp">
      <Filter>Object\Obj_monster</Filter>
    </ClCompile>
    <ClCompile Include="CMonster_Turtle.cpp">
      <Filter>Object\Obj_monster</Filter>
    </ClCompile>
    <ClCompile Include="winAPI_2Dcopy.cpp">
      <Filter>소스 파일</Filter>
    </ClCompile>
    <ClCompile Include="CMonster_Plants.cpp">
      <Filter>Object\Obj_monster</Filter>
    </ClCompile>
    <ClCompile Include="CFireball.cpp">
      <Filter>Object\Obj_fireball</Filter>
    </ClCompile>
    <ClCompile Include="CCollider.cpp">
      <Filter>Component\Collider</Filter>
    </ClCompile>
    <ClCompile Include="CAnimator.cpp">
      <Filter>Component\Animator</Filter>
    </ClCompile>
    <ClCompile Include="CAnimation.cpp">
      <Filter>Component\Animator\Animation</Filter>
    </ClCompile>
    <ClCompile Include="CCameraManager.cpp">
      <Filter>Engine\Manager\CCameraManager</Filter>
    </ClCompile>
    <ClCompile Include="CScene_Result.cpp">
      <Filter>Scene</Filter>
    </ClCompile>
    <ClCompile Include="CShell.cpp">
      <Filter>Object\Obj_etc</Filter>
    </ClCompile>
    <ClCompile Include="CDanceMario.cpp">
      <Filter>Object\Obj_etc</Filter>
    </ClCompile>
  </ItemGroup>
  <ItemGroup>
    <ResourceCompile Include="winAPI_2Dcopy.rc">
      <Filter>리소스 파일</Filter>
    </ResourceCompile>
  </ItemGroup>
  <ItemGroup>
    <Image Include="small.ico">
      <Filter>리소스 파일</Filter>
    </Image>
    <Image Include="winAPI_2Dcopy.ico">
      <Filter>리소스 파일</Filter>
    </Image>
  </ItemGroup>
</Project>