<?xml version="1.0" encoding="utf-8"?>
<Project ToolsVersion="4.0" xmlns="http://schemas.microsoft.com/developer/msbuild/2003">
  <ItemGroup>
    <Filter Include="소스 파일">
      <UniqueIdentifier>{4FC737F1-C7A5-4376-A066-2A32D752A2FF}</UniqueIdentifier>
      <Extensions>cpp;c;cc;cxx;c++;cppm;ixx;def;odl;idl;hpj;bat;asm;asmx</Extensions>
    </Filter>
    <Filter Include="헤더 파일">
      <UniqueIdentifier>{93995380-89BD-4b04-88EB-625FBE52EBFB}</UniqueIdentifier>
      <Extensions>h;hh;hpp;hxx;h++;hm;inl;inc;ipp;xsd</Extensions>
    </Filter>
    <Filter Include="리소스 파일">
      <UniqueIdentifier>{67DA6AB6-F800-4c08-8B7A-83BB121AAD01}</UniqueIdentifier>
      <Extensions>rc;ico;cur;bmp;dlg;rc2;rct;bin;rgs;gif;jpg;jpeg;jpe;resx;tiff;tif;png;wav;mfcribbon-ms</Extensions>
    </Filter>
    <Filter Include="Engine">
      <UniqueIdentifier>{0f4470ad-9f47-4a22-950b-dafb28cf1d29}</UniqueIdentifier>
    </Filter>
    <Filter Include="Engine\Core">
      <UniqueIdentifier>{f6d8e845-34bc-4788-a575-9293f104e659}</UniqueIdentifier>
    </Filter>
    <Filter Include="Engine\Manager">
      <UniqueIdentifier>{5565555e-a7d8-4152-affe-f4609affdd18}</UniqueIdentifier>
    </Filter>
    <Filter Include="Util">
      <UniqueIdentifier>{28876d25-c31a-4aae-b76c-43c8d407e25d}</UniqueIdentifier>
    </Filter>
    <Filter Include="Object">
      <UniqueIdentifier>{4577d27f-6e03-4aa9-9469-9ae0b3167ad1}</UniqueIdentifier>
    </Filter>
    <Filter Include="Engine\Manager\CTimeManager">
      <UniqueIdentifier>{1e918d9e-a2b1-4999-bfbf-153c0ee4f36f}</UniqueIdentifier>
    </Filter>
    <Filter Include="Engine\Manager\CKeyManager">
      <UniqueIdentifier>{a77e5162-40e6-48d1-ae15-a948f78b639b}</UniqueIdentifier>
    </Filter>
    <Filter Include="Scene">
      <UniqueIdentifier>{aaa052ff-d719-4e76-9738-f3ac4ac7e71a}</UniqueIdentifier>
    </Filter>
    <Filter Include="Engine\Manager\CSceneManager">
      <UniqueIdentifier>{b76509f7-10d4-4c2a-a358-275f9884d5f2}</UniqueIdentifier>
    </Filter>
    <Filter Include="Scene\Scene_parent">
      <UniqueIdentifier>{be615e21-3a80-4865-85bf-30c94f7617de}</UniqueIdentifier>
    </Filter>
    <Filter Include="Scene\Scene_child">
      <UniqueIdentifier>{f87e5ed6-ce6f-45c0-abfa-559867092529}</UniqueIdentifier>
    </Filter>
    <Filter Include="Object\Obj_parent">
      <UniqueIdentifier>{34f34221-77c5-4ea6-90ec-fa2369335b0a}</UniqueIdentifier>
    </Filter>
    <Filter Include="Object\Obj_child">
      <UniqueIdentifier>{a5287edd-4538-492b-9b81-003bbf8e5132}</UniqueIdentifier>
    </Filter>
    <Filter Include="Resource">
      <UniqueIdentifier>{23f157de-8361-407f-8fdc-5b67b44d1ef2}</UniqueIdentifier>
    </Filter>
    <Filter Include="Resource\Sound">
      <UniqueIdentifier>{dfbd6597-cb48-4a5d-9f78-dcd38a3bcb75}</UniqueIdentifier>
    </Filter>
    <Filter Include="Resource\Texture">
      <UniqueIdentifier>{3c091132-cdf4-427f-b6b1-1d510483b6ef}</UniqueIdentifier>
    </Filter>
    <Filter Include="Engine\Manager\CPathManager">
      <UniqueIdentifier>{e75d58aa-b25a-487f-b119-85d09c951194}</UniqueIdentifier>
    </Filter>
  </ItemGroup>
  <ItemGroup>
    <ClInclude Include="framework.h">
      <Filter>헤더 파일</Filter>
    </ClInclude>
    <ClInclude Include="targetver.h">
      <Filter>헤더 파일</Filter>
    </ClInclude>
    <ClInclude Include="Resource.h">
      <Filter>헤더 파일</Filter>
    </ClInclude>
    <ClInclude Include="winAPI_2Dcopy.h">
      <Filter>헤더 파일</Filter>
    </ClInclude>
    <ClInclude Include="SingleTon.h">
      <Filter>Util</Filter>
    </ClInclude>
    <ClInclude Include="CCore.h">
      <Filter>Engine\Core</Filter>
    </ClInclude>
    <ClInclude Include="struct.h">
      <Filter>Util</Filter>
    </ClInclude>
    <ClInclude Include="CTimeManager.h">
      <Filter>Engine\Manager\CTimeManager</Filter>
    </ClInclude>
    <ClInclude Include="CKeyManager.h">
      <Filter>Engine\Manager\CKeyManager</Filter>
    </ClInclude>
    <ClInclude Include="CSceneManager.h">
      <Filter>Engine\Manager\CSceneManager</Filter>
    </ClInclude>
    <ClInclude Include="CScene.h">
      <Filter>Scene\Scene_parent</Filter>
    </ClInclude>
    <ClInclude Include="CObject.h">
      <Filter>Object\Obj_parent</Filter>
    </ClInclude>
    <ClInclude Include="CPlayer.h">
      <Filter>Object\Obj_child</Filter>
    </ClInclude>
    <ClInclude Include="CScene_Title.h">
      <Filter>Scene\Scene_child</Filter>
    </ClInclude>
    <ClInclude Include="CEnemy.h">
      <Filter>Object\Obj_child</Filter>
    </ClInclude>
    <ClInclude Include="CScene_Stage01.h">
      <Filter>Scene\Scene_child</Filter>
    </ClInclude>
    <ClInclude Include="CMissile.h">
      <Filter>Object\Obj_child</Filter>
    </ClInclude>
    <ClInclude Include="CResource.h">
      <Filter>Resource</Filter>
    </ClInclude>
    <ClInclude Include="CSound.h">
      <Filter>Resource\Sound</Filter>
    </ClInclude>
    <ClInclude Include="CTexture.h">
      <Filter>Resource\Texture</Filter>
    </ClInclude>
    <ClInclude Include="CPathManager.h">
      <Filter>Engine\Manager\CPathManager</Filter>
    </ClInclude>
    <ClInclude Include="Logger.h">
      <Filter>Util</Filter>
    </ClInclude>
  </ItemGroup>
  <ItemGroup>
    <ClCompile Include="winAPI_2Dcopy.cpp">
      <Filter>소스 파일</Filter>
    </ClCompile>
    <ClCompile Include="CCore.cpp">
      <Filter>Engine\Core</Filter>
    </ClCompile>
    <ClCompile Include="CTimeManager.cpp">
      <Filter>Engine\Manager\CTimeManager</Filter>
    </ClCompile>
    <ClCompile Include="CKeyManager.cpp">
      <Filter>Engine\Manager\CKeyManager</Filter>
    </ClCompile>
    <ClCompile Include="CSceneManager.cpp">
      <Filter>Engine\Manager\CSceneManager</Filter>
    </ClCompile>
    <ClCompile Include="CScene.cpp">
      <Filter>Scene\Scene_parent</Filter>
    </ClCompile>
    <ClCompile Include="CObject.cpp">
      <Filter>Object\Obj_parent</Filter>
    </ClCompile>
    <ClCompile Include="CPlayer.cpp">
      <Filter>Object\Obj_child</Filter>
    </ClCompile>
    <ClCompile Include="CScene_Title.cpp">
      <Filter>Scene\Scene_child</Filter>
    </ClCompile>
    <ClCompile Include="CEnemy.cpp">
      <Filter>Object\Obj_child</Filter>
    </ClCompile>
    <ClCompile Include="CScene_Stage01.cpp">
      <Filter>Scene\Scene_child</Filter>
    </ClCompile>
    <ClCompile Include="CMissile.cpp">
      <Filter>Object\Obj_child</Filter>
    </ClCompile>
    <ClCompile Include="CResource.cpp">
      <Filter>Resource</Filter>
    </ClCompile>
    <ClCompile Include="CSound.cpp">
      <Filter>Resource\Sound</Filter>
    </ClCompile>
    <ClCompile Include="CTexture.cpp">
      <Filter>Resource\Texture</Filter>
    </ClCompile>
    <ClCompile Include="CPathManager.cpp">
      <Filter>Engine\Manager\CPathManager</Filter>
    </ClCompile>
  </ItemGroup>
  <ItemGroup>
    <ResourceCompile Include="winAPI_2Dcopy.rc">
      <Filter>리소스 파일</Filter>
    </ResourceCompile>
  </ItemGroup>
  <ItemGroup>
    <Image Include="small.ico">
      <Filter>리소스 파일</Filter>
    </Image>
    <Image Include="winAPI_2Dcopy.ico">
      <Filter>리소스 파일</Filter>
    </Image>
  </ItemGroup>
</Project>